
Microsoft Visual Studio Solution File, Format Version 12.00
# Visual Studio Version 16
VisualStudioVersion = 25.0.1705.6
MinimumVisualStudioVersion = 10.0.40219.1
Project("{FAE04EC0-301F-11D3-BF4B-00C04F79EFBC}") = "GESTRF", "GESTRF\GESTRF.csproj", "{FCA52C11-194A-4050-93A6-91CB767E4846}"
EndProject
Global
	GlobalSection(SolutionConfigurationPlatforms) = preSolution
		Debug|Any CPU = Debug|Any CPU
		Release|Any CPU = Release|Any CPU
	EndGlobalSection
	GlobalSection(ProjectConfigurationPlatforms) = postSolution
		{FCA52C11-194A-4050-93A6-91CB767E4846}.Debug|Any CPU.ActiveCfg = Debug|Any CPU
		{FCA52C11-194A-4050-93A6-91CB767E4846}.Debug|Any CPU.Build.0 = Debug|Any CPU
		{FCA52C11-194A-4050-93A6-91CB767E4846}.Release|Any CPU.ActiveCfg = Release|Any CPU
		{FCA52C11-194A-4050-93A6-91CB767E4846}.Release|Any CPU.Build.0 = Release|Any CPU
	EndGlobalSection
	GlobalSection(SolutionProperties) = preSolution
		HideSolutionNode = FALSE
	EndGlobalSection
	GlobalSection(ExtensibilityGlobals) = postSolution
		SolutionGuid = {C1C0B21E-2858-4AA3-BE84-7F47EF5C8C32}
	EndGlobalSection
EndGlobal
